
Microsoft Visual Studio Solution File, Format Version 12.00
# Visual Studio Version 16
VisualStudioVersion = 16.0.30709.132
MinimumVisualStudioVersion = 10.0.40219.1
Project("{9A19103F-16F7-4668-BE54-9A1E7A4F7556}") = "CursoMVC", "CursoMVC\CursoMVC.csproj", "{0FDA84ED-BD77-4B33-B298-1B107B3C6565}"
EndProject
Project("{9A19103F-16F7-4668-BE54-9A1E7A4F7556}") = "CursoApi", "CursoApi\CursoApi.csproj", "{E897EEBF-1B5F-427B-985E-F9D3E254AE88}"
EndProject
Global
	GlobalSection(SolutionConfigurationPlatforms) = preSolution
		Debug|Any CPU = Debug|Any CPU
		Release|Any CPU = Release|Any CPU
	EndGlobalSection
	GlobalSection(ProjectConfigurationPlatforms) = postSolution
		{0FDA84ED-BD77-4B33-B298-1B107B3C6565}.Debug|Any CPU.ActiveCfg = Debug|Any CPU
		{0FDA84ED-BD77-4B33-B298-1B107B3C6565}.Debug|Any CPU.Build.0 = Debug|Any CPU
		{0FDA84ED-BD77-4B33-B298-1B107B3C6565}.Release|Any CPU.ActiveCfg = Release|Any CPU
		{0FDA84ED-BD77-4B33-B298-1B107B3C6565}.Release|Any CPU.Build.0 = Release|Any CPU
		{E897EEBF-1B5F-427B-985E-F9D3E254AE88}.Debug|Any CPU.ActiveCfg = Debug|Any CPU
		{E897EEBF-1B5F-427B-985E-F9D3E254AE88}.Debug|Any CPU.Build.0 = Debug|Any CPU
		{E897EEBF-1B5F-427B-985E-F9D3E254AE88}.Release|Any CPU.ActiveCfg = Release|Any CPU
		{E897EEBF-1B5F-427B-985E-F9D3E254AE88}.Release|Any CPU.Build.0 = Release|Any CPU
	EndGlobalSection
	GlobalSection(SolutionProperties) = preSolution
		HideSolutionNode = FALSE
	EndGlobalSection
	GlobalSection(ExtensibilityGlobals) = postSolution
		SolutionGuid = {F06E26F2-2B16-4FC8-BD32-44DF150824A1}
	EndGlobalSection
EndGlobal
